
Microsoft Visual Studio Solution File, Format Version 12.00
# Visual Studio 14
VisualStudioVersion = 14.0.25123.0
MinimumVisualStudioVersion = 10.0.40219.1
Project("{2150E333-8FDC-42A3-9474-1A3956D46DE8}") = "src", "src", "{7C124F0F-8A61-42A7-81B3-B37A5F19C628}"
EndProject
Project("{2150E333-8FDC-42A3-9474-1A3956D46DE8}") = "Solution Items", "Solution Items", "{5F41452E-FB65-474E-A9B0-8D8F07AC49A4}"
	ProjectSection(SolutionItems) = preProject
		global.json = global.json
	EndProjectSection
EndProject
Project("{8BB2217D-0F2D-49D1-97BC-3654ED321F3B}") = "WarHammer", "src\WarHammer\WarHammer.xproj", "{D6FCD3B0-5A95-423C-AC8A-45598EDAB4B7}"
EndProject
Project("{2150E333-8FDC-42A3-9474-1A3956D46DE8}") = "Tests", "Tests", "{976BE3A7-58AD-4FFC-B45C-309E8CAA0D40}"
	ProjectSection(SolutionItems) = preProject
		WarhammerTests.cs = WarhammerTests.cs
	EndProjectSection
EndProject
Project("{8BB2217D-0F2D-49D1-97BC-3654ED321F3B}") = "Warhammer.Tests", "Warhammer.Tests\Warhammer.Tests.xproj", "{D16E4A18-4090-4064-AE5D-1917BE886880}"
EndProject
Global
	GlobalSection(SolutionConfigurationPlatforms) = preSolution
		Debug|Any CPU = Debug|Any CPU
		Release|Any CPU = Release|Any CPU
	EndGlobalSection
	GlobalSection(ProjectConfigurationPlatforms) = postSolution
		{D6FCD3B0-5A95-423C-AC8A-45598EDAB4B7}.Debug|Any CPU.ActiveCfg = Debug|Any CPU
		{D6FCD3B0-5A95-423C-AC8A-45598EDAB4B7}.Debug|Any CPU.Build.0 = Debug|Any CPU
		{D6FCD3B0-5A95-423C-AC8A-45598EDAB4B7}.Release|Any CPU.ActiveCfg = Release|Any CPU
		{D6FCD3B0-5A95-423C-AC8A-45598EDAB4B7}.Release|Any CPU.Build.0 = Release|Any CPU
		{D16E4A18-4090-4064-AE5D-1917BE886880}.Debug|Any CPU.ActiveCfg = Debug|Any CPU
		{D16E4A18-4090-4064-AE5D-1917BE886880}.Debug|Any CPU.Build.0 = Debug|Any CPU
		{D16E4A18-4090-4064-AE5D-1917BE886880}.Release|Any CPU.ActiveCfg = Release|Any CPU
		{D16E4A18-4090-4064-AE5D-1917BE886880}.Release|Any CPU.Build.0 = Release|Any CPU
	EndGlobalSection
	GlobalSection(SolutionProperties) = preSolution
		HideSolutionNode = FALSE
	EndGlobalSection
	GlobalSection(NestedProjects) = preSolution
		{D6FCD3B0-5A95-423C-AC8A-45598EDAB4B7} = {7C124F0F-8A61-42A7-81B3-B37A5F19C628}
		{976BE3A7-58AD-4FFC-B45C-309E8CAA0D40} = {7C124F0F-8A61-42A7-81B3-B37A5F19C628}
		{D16E4A18-4090-4064-AE5D-1917BE886880} = {976BE3A7-58AD-4FFC-B45C-309E8CAA0D40}
	EndGlobalSection
EndGlobal
